
Microsoft Visual Studio Solution File, Format Version 12.00
Project("{FAE04EC0-301F-11D3-BF4B-00C04F79EFBC}") = "Chapter01", "Chapter01\Chapter01.csproj", "{8E24290F-71BB-407F-AC47-EB313F42395F}"
EndProject
Project("{FAE04EC0-301F-11D3-BF4B-00C04F79EFBC}") = "Chapter02", "Chapter02\Chapter02.csproj", "{6C7E50EA-D155-40BE-AD49-5C06F27BB964}"
EndProject
Project("{FAE04EC0-301F-11D3-BF4B-00C04F79EFBC}") = "Chapter03", "Chapter03\Chapter03.csproj", "{275D7628-D85F-499C-BE26-8726D83EE2FA}"
EndProject
Project("{FAE04EC0-301F-11D3-BF4B-00C04F79EFBC}") = "Chapter04", "Chapter04\Chapter04.csproj", "{291AD317-2C82-438B-9AF0-5C4ADEFC4423}"
EndProject
Project("{FAE04EC0-301F-11D3-BF4B-00C04F79EFBC}") = "Chapter05", "Chapter05\Chapter05.csproj", "{54B5332F-FC8C-43D8-BEA4-7335C93C60DD}"
EndProject
Project("{FAE04EC0-301F-11D3-BF4B-00C04F79EFBC}") = "Chapter06", "Chapter06\Chapter06.csproj", "{807BEF08-30D1-4FF5-BCFB-905A3EBC6307}"
EndProject
Project("{FAE04EC0-301F-11D3-BF4B-00C04F79EFBC}") = "Chapter07", "Chapter07\Chapter07.csproj", "{4B2E8B1C-6313-4B1A-9062-B1BD5463BA47}"
EndProject
Project("{FAE04EC0-301F-11D3-BF4B-00C04F79EFBC}") = "Chapter08", "Chapter08\Chapter08.csproj", "{159FCA97-24C3-4BF4-9BE7-6232BB173143}"
EndProject
Project("{FAE04EC0-301F-11D3-BF4B-00C04F79EFBC}") = "Chapter09", "Chapter09\Chapter09.csproj", "{27B21AD7-5472-4B51-8AE4-82EEF1488D8D}"
EndProject
Project("{FAE04EC0-301F-11D3-BF4B-00C04F79EFBC}") = "Chapter10", "Chapter10\Chapter10.csproj", "{F3EAAD0B-C85C-49CE-921B-FDD0F86C6F8D}"
EndProject
Project("{FAE04EC0-301F-11D3-BF4B-00C04F79EFBC}") = "Chapter11", "Chapter11\Chapter11.csproj", "{3A9CACEC-6423-4155-B68F-D8349AD3DFEC}"
EndProject
Project("{FAE04EC0-301F-11D3-BF4B-00C04F79EFBC}") = "Chapter12", "Chapter12\Chapter12.csproj", "{8091AD72-DC17-4009-8D91-800FC9147877}"
EndProject
Project("{FAE04EC0-301F-11D3-BF4B-00C04F79EFBC}") = "Chapter13", "Chapter13\Chapter13.csproj", "{0EF6D9B5-AA4F-4BFA-9BBA-779DA4BEBE81}"
EndProject
Project("{FAE04EC0-301F-11D3-BF4B-00C04F79EFBC}") = "Chapter14", "Chapter14\Chapter14.csproj", "{78FF1AF6-8A22-4599-B90A-1B512E4C6976}"
EndProject
Project("{FAE04EC0-301F-11D3-BF4B-00C04F79EFBC}") = "Chapter15", "Chapter15\Chapter15.csproj", "{CB44A5C1-E035-4A09-B1B2-F72753935D81}"
EndProject
Project("{FAE04EC0-301F-11D3-BF4B-00C04F79EFBC}") = "Chapter16", "Chapter16\Chapter16.csproj", "{A97B6ACE-AAB4-4DF7-8A25-8D49B26E1289}"
EndProject
Global
	GlobalSection(SolutionConfigurationPlatforms) = preSolution
		Debug|Any CPU = Debug|Any CPU
		Release|Any CPU = Release|Any CPU
	EndGlobalSection
	GlobalSection(ProjectConfigurationPlatforms) = postSolution
		{8E24290F-71BB-407F-AC47-EB313F42395F}.Debug|Any CPU.ActiveCfg = Debug|Any CPU
		{8E24290F-71BB-407F-AC47-EB313F42395F}.Debug|Any CPU.Build.0 = Debug|Any CPU
		{8E24290F-71BB-407F-AC47-EB313F42395F}.Release|Any CPU.ActiveCfg = Release|Any CPU
		{8E24290F-71BB-407F-AC47-EB313F42395F}.Release|Any CPU.Build.0 = Release|Any CPU
		{6C7E50EA-D155-40BE-AD49-5C06F27BB964}.Debug|Any CPU.ActiveCfg = Debug|Any CPU
		{6C7E50EA-D155-40BE-AD49-5C06F27BB964}.Debug|Any CPU.Build.0 = Debug|Any CPU
		{6C7E50EA-D155-40BE-AD49-5C06F27BB964}.Release|Any CPU.ActiveCfg = Release|Any CPU
		{6C7E50EA-D155-40BE-AD49-5C06F27BB964}.Release|Any CPU.Build.0 = Release|Any CPU
		{275D7628-D85F-499C-BE26-8726D83EE2FA}.Debug|Any CPU.ActiveCfg = Debug|Any CPU
		{275D7628-D85F-499C-BE26-8726D83EE2FA}.Debug|Any CPU.Build.0 = Debug|Any CPU
		{275D7628-D85F-499C-BE26-8726D83EE2FA}.Release|Any CPU.ActiveCfg = Release|Any CPU
		{275D7628-D85F-499C-BE26-8726D83EE2FA}.Release|Any CPU.Build.0 = Release|Any CPU
		{291AD317-2C82-438B-9AF0-5C4ADEFC4423}.Debug|Any CPU.ActiveCfg = Debug|Any CPU
		{291AD317-2C82-438B-9AF0-5C4ADEFC4423}.Debug|Any CPU.Build.0 = Debug|Any CPU
		{291AD317-2C82-438B-9AF0-5C4ADEFC4423}.Release|Any CPU.ActiveCfg = Release|Any CPU
		{291AD317-2C82-438B-9AF0-5C4ADEFC4423}.Release|Any CPU.Build.0 = Release|Any CPU
		{54B5332F-FC8C-43D8-BEA4-7335C93C60DD}.Debug|Any CPU.ActiveCfg = Debug|Any CPU
		{54B5332F-FC8C-43D8-BEA4-7335C93C60DD}.Debug|Any CPU.Build.0 = Debug|Any CPU
		{54B5332F-FC8C-43D8-BEA4-7335C93C60DD}.Release|Any CPU.ActiveCfg = Release|Any CPU
		{54B5332F-FC8C-43D8-BEA4-7335C93C60DD}.Release|Any CPU.Build.0 = Release|Any CPU
		{807BEF08-30D1-4FF5-BCFB-905A3EBC6307}.Debug|Any CPU.ActiveCfg = Debug|Any CPU
		{807BEF08-30D1-4FF5-BCFB-905A3EBC6307}.Debug|Any CPU.Build.0 = Debug|Any CPU
		{807BEF08-30D1-4FF5-BCFB-905A3EBC6307}.Release|Any CPU.ActiveCfg = Release|Any CPU
		{807BEF08-30D1-4FF5-BCFB-905A3EBC6307}.Release|Any CPU.Build.0 = Release|Any CPU
		{4B2E8B1C-6313-4B1A-9062-B1BD5463BA47}.Debug|Any CPU.ActiveCfg = Debug|Any CPU
		{4B2E8B1C-6313-4B1A-9062-B1BD5463BA47}.Debug|Any CPU.Build.0 = Debug|Any CPU
		{4B2E8B1C-6313-4B1A-9062-B1BD5463BA47}.Release|Any CPU.ActiveCfg = Release|Any CPU
		{4B2E8B1C-6313-4B1A-9062-B1BD5463BA47}.Release|Any CPU.Build.0 = Release|Any CPU
		{159FCA97-24C3-4BF4-9BE7-6232BB173143}.Debug|Any CPU.ActiveCfg = Debug|Any CPU
		{159FCA97-24C3-4BF4-9BE7-6232BB173143}.Debug|Any CPU.Build.0 = Debug|Any CPU
		{159FCA97-24C3-4BF4-9BE7-6232BB173143}.Release|Any CPU.ActiveCfg = Release|Any CPU
		{159FCA97-24C3-4BF4-9BE7-6232BB173143}.Release|Any CPU.Build.0 = Release|Any CPU
		{27B21AD7-5472-4B51-8AE4-82EEF1488D8D}.Debug|Any CPU.ActiveCfg = Debug|Any CPU
		{27B21AD7-5472-4B51-8AE4-82EEF1488D8D}.Debug|Any CPU.Build.0 = Debug|Any CPU
		{27B21AD7-5472-4B51-8AE4-82EEF1488D8D}.Release|Any CPU.ActiveCfg = Release|Any CPU
		{27B21AD7-5472-4B51-8AE4-82EEF1488D8D}.Release|Any CPU.Build.0 = Release|Any CPU
		{F3EAAD0B-C85C-49CE-921B-FDD0F86C6F8D}.Debug|Any CPU.ActiveCfg = Debug|Any CPU
		{F3EAAD0B-C85C-49CE-921B-FDD0F86C6F8D}.Debug|Any CPU.Build.0 = Debug|Any CPU
		{F3EAAD0B-C85C-49CE-921B-FDD0F86C6F8D}.Release|Any CPU.ActiveCfg = Release|Any CPU
		{F3EAAD0B-C85C-49CE-921B-FDD0F86C6F8D}.Release|Any CPU.Build.0 = Release|Any CPU
		{3A9CACEC-6423-4155-B68F-D8349AD3DFEC}.Debug|Any CPU.ActiveCfg = Debug|Any CPU
		{3A9CACEC-6423-4155-B68F-D8349AD3DFEC}.Debug|Any CPU.Build.0 = Debug|Any CPU
		{3A9CACEC-6423-4155-B68F-D8349AD3DFEC}.Release|Any CPU.ActiveCfg = Release|Any CPU
		{3A9CACEC-6423-4155-B68F-D8349AD3DFEC}.Release|Any CPU.Build.0 = Release|Any CPU
		{8091AD72-DC17-4009-8D91-800FC9147877}.Debug|Any CPU.ActiveCfg = Debug|Any CPU
		{8091AD72-DC17-4009-8D91-800FC9147877}.Debug|Any CPU.Build.0 = Debug|Any CPU
		{8091AD72-DC17-4009-8D91-800FC9147877}.Release|Any CPU.ActiveCfg = Release|Any CPU
		{8091AD72-DC17-4009-8D91-800FC9147877}.Release|Any CPU.Build.0 = Release|Any CPU
		{0EF6D9B5-AA4F-4BFA-9BBA-779DA4BEBE81}.Debug|Any CPU.ActiveCfg = Debug|Any CPU
		{0EF6D9B5-AA4F-4BFA-9BBA-779DA4BEBE81}.Debug|Any CPU.Build.0 = Debug|Any CPU
		{0EF6D9B5-AA4F-4BFA-9BBA-779DA4BEBE81}.Release|Any CPU.ActiveCfg = Release|Any CPU
		{0EF6D9B5-AA4F-4BFA-9BBA-779DA4BEBE81}.Release|Any CPU.Build.0 = Release|Any CPU
		{78FF1AF6-8A22-4599-B90A-1B512E4C6976}.Debug|Any CPU.ActiveCfg = Debug|Any CPU
		{78FF1AF6-8A22-4599-B90A-1B512E4C6976}.Debug|Any CPU.Build.0 = Debug|Any CPU
		{78FF1AF6-8A22-4599-B90A-1B512E4C6976}.Release|Any CPU.ActiveCfg = Release|Any CPU
		{78FF1AF6-8A22-4599-B90A-1B512E4C6976}.Release|Any CPU.Build.0 = Release|Any CPU
		{CB44A5C1-E035-4A09-B1B2-F72753935D81}.Debug|Any CPU.ActiveCfg = Debug|Any CPU
		{CB44A5C1-E035-4A09-B1B2-F72753935D81}.Debug|Any CPU.Build.0 = Debug|Any CPU
		{CB44A5C1-E035-4A09-B1B2-F72753935D81}.Release|Any CPU.ActiveCfg = Release|Any CPU
		{CB44A5C1-E035-4A09-B1B2-F72753935D81}.Release|Any CPU.Build.0 = Release|Any CPU
		{A97B6ACE-AAB4-4DF7-8A25-8D49B26E1289}.Debug|Any CPU.ActiveCfg = Debug|Any CPU
		{A97B6ACE-AAB4-4DF7-8A25-8D49B26E1289}.Debug|Any CPU.Build.0 = Debug|Any CPU
		{A97B6ACE-AAB4-4DF7-8A25-8D49B26E1289}.Release|Any CPU.ActiveCfg = Release|Any CPU
		{A97B6ACE-AAB4-4DF7-8A25-8D49B26E1289}.Release|Any CPU.Build.0 = Release|Any CPU
	EndGlobalSection
EndGlobal
