
Microsoft Visual Studio Solution File, Format Version 12.00
Project("{FAE04EC0-301F-11D3-BF4B-00C04F79EFBC}") = "Chapter01", "Chapter01\Chapter01.csproj", "{FE11B27A-7720-4A48-B705-C1D25CC39B3D}"
EndProject
Project("{FAE04EC0-301F-11D3-BF4B-00C04F79EFBC}") = "Chapter02", "Chapter02\Chapter02.csproj", "{33E9FEA5-3DE4-4571-A3FD-CE8C1D1F27B3}"
EndProject
Project("{FAE04EC0-301F-11D3-BF4B-00C04F79EFBC}") = "Chapter03", "Chapter03\Chapter03.csproj", "{645F4A57-45E3-4C67-91D3-5FBEDC423AE1}"
EndProject
Project("{FAE04EC0-301F-11D3-BF4B-00C04F79EFBC}") = "Chapter04", "Chapter04\Chapter04.csproj", "{FA65312E-A674-4572-AD06-28C7B041D427}"
EndProject
Project("{FAE04EC0-301F-11D3-BF4B-00C04F79EFBC}") = "Chapter05", "Chapter05\Chapter05.csproj", "{C8891F4A-8F85-4EED-B3F6-9F70D8D91109}"
EndProject
Project("{FAE04EC0-301F-11D3-BF4B-00C04F79EFBC}") = "Chapter06", "Chapter06\Chapter06.csproj", "{366EE0F4-BAF6-459E-9769-25FD807DDCB0}"
EndProject
Project("{FAE04EC0-301F-11D3-BF4B-00C04F79EFBC}") = "Chapter07", "Chapter07\Chapter07.csproj", "{FDA86D50-58C4-41E9-BA44-45C7F6153C8F}"
EndProject
Project("{FAE04EC0-301F-11D3-BF4B-00C04F79EFBC}") = "Chapter08", "Chapter08\Chapter08.csproj", "{E2C5F03F-D9C2-4977-B3EF-C5589DFA94A0}"
EndProject
Project("{FAE04EC0-301F-11D3-BF4B-00C04F79EFBC}") = "Chapter09", "Chapter09\Chapter09.csproj", "{B499309A-9B29-4285-A981-77A482E89F48}"
EndProject
Global
	GlobalSection(SolutionConfigurationPlatforms) = preSolution
		Debug|Any CPU = Debug|Any CPU
		Release|Any CPU = Release|Any CPU
	EndGlobalSection
	GlobalSection(ProjectConfigurationPlatforms) = postSolution
		{FE11B27A-7720-4A48-B705-C1D25CC39B3D}.Debug|Any CPU.ActiveCfg = Debug|Any CPU
		{FE11B27A-7720-4A48-B705-C1D25CC39B3D}.Debug|Any CPU.Build.0 = Debug|Any CPU
		{FE11B27A-7720-4A48-B705-C1D25CC39B3D}.Release|Any CPU.ActiveCfg = Release|Any CPU
		{FE11B27A-7720-4A48-B705-C1D25CC39B3D}.Release|Any CPU.Build.0 = Release|Any CPU
		{33E9FEA5-3DE4-4571-A3FD-CE8C1D1F27B3}.Debug|Any CPU.ActiveCfg = Debug|Any CPU
		{33E9FEA5-3DE4-4571-A3FD-CE8C1D1F27B3}.Debug|Any CPU.Build.0 = Debug|Any CPU
		{33E9FEA5-3DE4-4571-A3FD-CE8C1D1F27B3}.Release|Any CPU.ActiveCfg = Release|Any CPU
		{33E9FEA5-3DE4-4571-A3FD-CE8C1D1F27B3}.Release|Any CPU.Build.0 = Release|Any CPU
		{645F4A57-45E3-4C67-91D3-5FBEDC423AE1}.Debug|Any CPU.ActiveCfg = Debug|Any CPU
		{645F4A57-45E3-4C67-91D3-5FBEDC423AE1}.Debug|Any CPU.Build.0 = Debug|Any CPU
		{645F4A57-45E3-4C67-91D3-5FBEDC423AE1}.Release|Any CPU.ActiveCfg = Release|Any CPU
		{645F4A57-45E3-4C67-91D3-5FBEDC423AE1}.Release|Any CPU.Build.0 = Release|Any CPU
		{FA65312E-A674-4572-AD06-28C7B041D427}.Debug|Any CPU.ActiveCfg = Debug|Any CPU
		{FA65312E-A674-4572-AD06-28C7B041D427}.Debug|Any CPU.Build.0 = Debug|Any CPU
		{FA65312E-A674-4572-AD06-28C7B041D427}.Release|Any CPU.ActiveCfg = Release|Any CPU
		{FA65312E-A674-4572-AD06-28C7B041D427}.Release|Any CPU.Build.0 = Release|Any CPU
		{C8891F4A-8F85-4EED-B3F6-9F70D8D91109}.Debug|Any CPU.ActiveCfg = Debug|Any CPU
		{C8891F4A-8F85-4EED-B3F6-9F70D8D91109}.Debug|Any CPU.Build.0 = Debug|Any CPU
		{C8891F4A-8F85-4EED-B3F6-9F70D8D91109}.Release|Any CPU.ActiveCfg = Release|Any CPU
		{C8891F4A-8F85-4EED-B3F6-9F70D8D91109}.Release|Any CPU.Build.0 = Release|Any CPU
		{366EE0F4-BAF6-459E-9769-25FD807DDCB0}.Debug|Any CPU.ActiveCfg = Debug|Any CPU
		{366EE0F4-BAF6-459E-9769-25FD807DDCB0}.Debug|Any CPU.Build.0 = Debug|Any CPU
		{366EE0F4-BAF6-459E-9769-25FD807DDCB0}.Release|Any CPU.ActiveCfg = Release|Any CPU
		{366EE0F4-BAF6-459E-9769-25FD807DDCB0}.Release|Any CPU.Build.0 = Release|Any CPU
		{FDA86D50-58C4-41E9-BA44-45C7F6153C8F}.Debug|Any CPU.ActiveCfg = Debug|Any CPU
		{FDA86D50-58C4-41E9-BA44-45C7F6153C8F}.Debug|Any CPU.Build.0 = Debug|Any CPU
		{FDA86D50-58C4-41E9-BA44-45C7F6153C8F}.Release|Any CPU.ActiveCfg = Release|Any CPU
		{FDA86D50-58C4-41E9-BA44-45C7F6153C8F}.Release|Any CPU.Build.0 = Release|Any CPU
		{E2C5F03F-D9C2-4977-B3EF-C5589DFA94A0}.Debug|Any CPU.ActiveCfg = Debug|Any CPU
		{E2C5F03F-D9C2-4977-B3EF-C5589DFA94A0}.Debug|Any CPU.Build.0 = Debug|Any CPU
		{E2C5F03F-D9C2-4977-B3EF-C5589DFA94A0}.Release|Any CPU.ActiveCfg = Release|Any CPU
		{E2C5F03F-D9C2-4977-B3EF-C5589DFA94A0}.Release|Any CPU.Build.0 = Release|Any CPU
		{B499309A-9B29-4285-A981-77A482E89F48}.Debug|Any CPU.ActiveCfg = Debug|Any CPU
		{B499309A-9B29-4285-A981-77A482E89F48}.Debug|Any CPU.Build.0 = Debug|Any CPU
		{B499309A-9B29-4285-A981-77A482E89F48}.Release|Any CPU.ActiveCfg = Release|Any CPU
		{B499309A-9B29-4285-A981-77A482E89F48}.Release|Any CPU.Build.0 = Release|Any CPU
	EndGlobalSection
EndGlobal
